
Microsoft Visual Studio Solution File, Format Version 12.00
# Visual Studio 2012
Project("{FAE04EC0-301F-11D3-BF4B-00C04F79EFBC}") = "eje1", "eje1\eje1.csproj", "{23380686-C6FC-4A81-A387-9D3FFA25FB34}"
EndProject
Project("{FAE04EC0-301F-11D3-BF4B-00C04F79EFBC}") = "eje2", "eje2\eje2.csproj", "{DCB3B1EC-E913-460C-875D-DB575F7C64B5}"
EndProject
Project("{FAE04EC0-301F-11D3-BF4B-00C04F79EFBC}") = "eje3", "eje3\eje3.csproj", "{A6DF36AB-B18E-406B-BE6B-DE76030F2870}"
EndProject
Project("{FAE04EC0-301F-11D3-BF4B-00C04F79EFBC}") = "eje4", "eje4\eje4.csproj", "{D8DC94EA-4F96-48C8-85E7-6545477F53EE}"
EndProject
Project("{FAE04EC0-301F-11D3-BF4B-00C04F79EFBC}") = "eje5", "eje5\eje5.csproj", "{54DF65C0-5B2D-4A06-B71E-A69419961B4B}"
EndProject
Project("{FAE04EC0-301F-11D3-BF4B-00C04F79EFBC}") = "eje6", "eje6\eje6.csproj", "{6F21F818-C350-47C5-8FD0-C822661D5B27}"
EndProject
Project("{FAE04EC0-301F-11D3-BF4B-00C04F79EFBC}") = "eje7", "eje7\eje7.csproj", "{B6797501-727E-425F-B89C-43E1BEB55311}"
EndProject
Project("{FAE04EC0-301F-11D3-BF4B-00C04F79EFBC}") = "eje8", "eje8\eje8.csproj", "{701F0333-BF94-4F63-A46D-1FB95C1F6319}"
EndProject
Project("{FAE04EC0-301F-11D3-BF4B-00C04F79EFBC}") = "eje9", "eje9\eje9.csproj", "{B989F19B-C31A-433E-A7A5-20020ED86DAC}"
EndProject
Global
	GlobalSection(SolutionConfigurationPlatforms) = preSolution
		Debug|Any CPU = Debug|Any CPU
		Release|Any CPU = Release|Any CPU
	EndGlobalSection
	GlobalSection(ProjectConfigurationPlatforms) = postSolution
		{23380686-C6FC-4A81-A387-9D3FFA25FB34}.Debug|Any CPU.ActiveCfg = Debug|Any CPU
		{23380686-C6FC-4A81-A387-9D3FFA25FB34}.Debug|Any CPU.Build.0 = Debug|Any CPU
		{23380686-C6FC-4A81-A387-9D3FFA25FB34}.Release|Any CPU.ActiveCfg = Release|Any CPU
		{23380686-C6FC-4A81-A387-9D3FFA25FB34}.Release|Any CPU.Build.0 = Release|Any CPU
		{DCB3B1EC-E913-460C-875D-DB575F7C64B5}.Debug|Any CPU.ActiveCfg = Debug|Any CPU
		{DCB3B1EC-E913-460C-875D-DB575F7C64B5}.Debug|Any CPU.Build.0 = Debug|Any CPU
		{DCB3B1EC-E913-460C-875D-DB575F7C64B5}.Release|Any CPU.ActiveCfg = Release|Any CPU
		{DCB3B1EC-E913-460C-875D-DB575F7C64B5}.Release|Any CPU.Build.0 = Release|Any CPU
		{A6DF36AB-B18E-406B-BE6B-DE76030F2870}.Debug|Any CPU.ActiveCfg = Debug|Any CPU
		{A6DF36AB-B18E-406B-BE6B-DE76030F2870}.Debug|Any CPU.Build.0 = Debug|Any CPU
		{A6DF36AB-B18E-406B-BE6B-DE76030F2870}.Release|Any CPU.ActiveCfg = Release|Any CPU
		{A6DF36AB-B18E-406B-BE6B-DE76030F2870}.Release|Any CPU.Build.0 = Release|Any CPU
		{D8DC94EA-4F96-48C8-85E7-6545477F53EE}.Debug|Any CPU.ActiveCfg = Debug|Any CPU
		{D8DC94EA-4F96-48C8-85E7-6545477F53EE}.Debug|Any CPU.Build.0 = Debug|Any CPU
		{D8DC94EA-4F96-48C8-85E7-6545477F53EE}.Release|Any CPU.ActiveCfg = Release|Any CPU
		{D8DC94EA-4F96-48C8-85E7-6545477F53EE}.Release|Any CPU.Build.0 = Release|Any CPU
		{54DF65C0-5B2D-4A06-B71E-A69419961B4B}.Debug|Any CPU.ActiveCfg = Debug|Any CPU
		{54DF65C0-5B2D-4A06-B71E-A69419961B4B}.Debug|Any CPU.Build.0 = Debug|Any CPU
		{54DF65C0-5B2D-4A06-B71E-A69419961B4B}.Release|Any CPU.ActiveCfg = Release|Any CPU
		{54DF65C0-5B2D-4A06-B71E-A69419961B4B}.Release|Any CPU.Build.0 = Release|Any CPU
		{6F21F818-C350-47C5-8FD0-C822661D5B27}.Debug|Any CPU.ActiveCfg = Debug|Any CPU
		{6F21F818-C350-47C5-8FD0-C822661D5B27}.Debug|Any CPU.Build.0 = Debug|Any CPU
		{6F21F818-C350-47C5-8FD0-C822661D5B27}.Release|Any CPU.ActiveCfg = Release|Any CPU
		{6F21F818-C350-47C5-8FD0-C822661D5B27}.Release|Any CPU.Build.0 = Release|Any CPU
		{B6797501-727E-425F-B89C-43E1BEB55311}.Debug|Any CPU.ActiveCfg = Debug|Any CPU
		{B6797501-727E-425F-B89C-43E1BEB55311}.Debug|Any CPU.Build.0 = Debug|Any CPU
		{B6797501-727E-425F-B89C-43E1BEB55311}.Release|Any CPU.ActiveCfg = Release|Any CPU
		{B6797501-727E-425F-B89C-43E1BEB55311}.Release|Any CPU.Build.0 = Release|Any CPU
		{701F0333-BF94-4F63-A46D-1FB95C1F6319}.Debug|Any CPU.ActiveCfg = Debug|Any CPU
		{701F0333-BF94-4F63-A46D-1FB95C1F6319}.Debug|Any CPU.Build.0 = Debug|Any CPU
		{701F0333-BF94-4F63-A46D-1FB95C1F6319}.Release|Any CPU.ActiveCfg = Release|Any CPU
		{701F0333-BF94-4F63-A46D-1FB95C1F6319}.Release|Any CPU.Build.0 = Release|Any CPU
		{B989F19B-C31A-433E-A7A5-20020ED86DAC}.Debug|Any CPU.ActiveCfg = Debug|Any CPU
		{B989F19B-C31A-433E-A7A5-20020ED86DAC}.Debug|Any CPU.Build.0 = Debug|Any CPU
		{B989F19B-C31A-433E-A7A5-20020ED86DAC}.Release|Any CPU.ActiveCfg = Release|Any CPU
		{B989F19B-C31A-433E-A7A5-20020ED86DAC}.Release|Any CPU.Build.0 = Release|Any CPU
	EndGlobalSection
	GlobalSection(SolutionProperties) = preSolution
		HideSolutionNode = FALSE
	EndGlobalSection
EndGlobal
