
Microsoft Visual Studio Solution File, Format Version 12.00
# Visual Studio 2012
Project("{FAE04EC0-301F-11D3-BF4B-00C04F79EFBC}") = "ModeloParcialProducto", "ModeloParcialProducto\ModeloParcialProducto.csproj", "{37B5274A-704D-4BE2-840F-38D9A2641F38}"
EndProject
Global
	GlobalSection(SolutionConfigurationPlatforms) = preSolution
		Debug|Any CPU = Debug|Any CPU
		Release|Any CPU = Release|Any CPU
	EndGlobalSection
	GlobalSection(ProjectConfigurationPlatforms) = postSolution
		{37B5274A-704D-4BE2-840F-38D9A2641F38}.Debug|Any CPU.ActiveCfg = Debug|Any CPU
		{37B5274A-704D-4BE2-840F-38D9A2641F38}.Debug|Any CPU.Build.0 = Debug|Any CPU
		{37B5274A-704D-4BE2-840F-38D9A2641F38}.Release|Any CPU.ActiveCfg = Release|Any CPU
		{37B5274A-704D-4BE2-840F-38D9A2641F38}.Release|Any CPU.Build.0 = Release|Any CPU
	EndGlobalSection
	GlobalSection(SolutionProperties) = preSolution
		HideSolutionNode = FALSE
	EndGlobalSection
EndGlobal
