
Microsoft Visual Studio Solution File, Format Version 12.00
# Visual Studio 2012
Project("{FAE04EC0-301F-11D3-BF4B-00C04F79EFBC}") = "Indexador", "Indexador\Indexador.csproj", "{BD4DDEDB-3B28-4AFA-9E0C-909ACEE882AE}"
EndProject
Project("{FAE04EC0-301F-11D3-BF4B-00C04F79EFBC}") = "MisClases", "MisClases\MisClases.csproj", "{DAB1A647-996E-45BF-93D2-2C515A81B608}"
EndProject
Global
	GlobalSection(SolutionConfigurationPlatforms) = preSolution
		Debug|Any CPU = Debug|Any CPU
		Release|Any CPU = Release|Any CPU
	EndGlobalSection
	GlobalSection(ProjectConfigurationPlatforms) = postSolution
		{BD4DDEDB-3B28-4AFA-9E0C-909ACEE882AE}.Debug|Any CPU.ActiveCfg = Debug|Any CPU
		{BD4DDEDB-3B28-4AFA-9E0C-909ACEE882AE}.Debug|Any CPU.Build.0 = Debug|Any CPU
		{BD4DDEDB-3B28-4AFA-9E0C-909ACEE882AE}.Release|Any CPU.ActiveCfg = Release|Any CPU
		{BD4DDEDB-3B28-4AFA-9E0C-909ACEE882AE}.Release|Any CPU.Build.0 = Release|Any CPU
		{DAB1A647-996E-45BF-93D2-2C515A81B608}.Debug|Any CPU.ActiveCfg = Debug|Any CPU
		{DAB1A647-996E-45BF-93D2-2C515A81B608}.Debug|Any CPU.Build.0 = Debug|Any CPU
		{DAB1A647-996E-45BF-93D2-2C515A81B608}.Release|Any CPU.ActiveCfg = Release|Any CPU
		{DAB1A647-996E-45BF-93D2-2C515A81B608}.Release|Any CPU.Build.0 = Release|Any CPU
	EndGlobalSection
	GlobalSection(SolutionProperties) = preSolution
		HideSolutionNode = FALSE
	EndGlobalSection
EndGlobal
