
Microsoft Visual Studio Solution File, Format Version 12.00
# Visual Studio 2012
Project("{FAE04EC0-301F-11D3-BF4B-00C04F79EFBC}") = "Eventos", "Eventos\Eventos.csproj", "{82C46997-0507-49D2-82BB-DC16FB35E965}"
EndProject
Project("{FAE04EC0-301F-11D3-BF4B-00C04F79EFBC}") = "LibreriaEventos", "LibreriaEventos\LibreriaEventos.csproj", "{D6261F5A-25A1-4898-B917-9512924098F4}"
EndProject
Project("{FAE04EC0-301F-11D3-BF4B-00C04F79EFBC}") = "Consola", "Consola\Consola.csproj", "{F2E884F7-7480-48BC-943B-124131A8BCCF}"
EndProject
Project("{FAE04EC0-301F-11D3-BF4B-00C04F79EFBC}") = "ExtendorEventos", "ExtendorEventos\ExtendorEventos.csproj", "{EA3B6F24-186A-4EAB-A8E6-04B9C40A94BB}"
EndProject
Global
	GlobalSection(SolutionConfigurationPlatforms) = preSolution
		Debug|Any CPU = Debug|Any CPU
		Release|Any CPU = Release|Any CPU
	EndGlobalSection
	GlobalSection(ProjectConfigurationPlatforms) = postSolution
		{82C46997-0507-49D2-82BB-DC16FB35E965}.Debug|Any CPU.ActiveCfg = Debug|Any CPU
		{82C46997-0507-49D2-82BB-DC16FB35E965}.Debug|Any CPU.Build.0 = Debug|Any CPU
		{82C46997-0507-49D2-82BB-DC16FB35E965}.Release|Any CPU.ActiveCfg = Release|Any CPU
		{82C46997-0507-49D2-82BB-DC16FB35E965}.Release|Any CPU.Build.0 = Release|Any CPU
		{D6261F5A-25A1-4898-B917-9512924098F4}.Debug|Any CPU.ActiveCfg = Debug|Any CPU
		{D6261F5A-25A1-4898-B917-9512924098F4}.Debug|Any CPU.Build.0 = Debug|Any CPU
		{D6261F5A-25A1-4898-B917-9512924098F4}.Release|Any CPU.ActiveCfg = Release|Any CPU
		{D6261F5A-25A1-4898-B917-9512924098F4}.Release|Any CPU.Build.0 = Release|Any CPU
		{F2E884F7-7480-48BC-943B-124131A8BCCF}.Debug|Any CPU.ActiveCfg = Debug|Any CPU
		{F2E884F7-7480-48BC-943B-124131A8BCCF}.Debug|Any CPU.Build.0 = Debug|Any CPU
		{F2E884F7-7480-48BC-943B-124131A8BCCF}.Release|Any CPU.ActiveCfg = Release|Any CPU
		{F2E884F7-7480-48BC-943B-124131A8BCCF}.Release|Any CPU.Build.0 = Release|Any CPU
		{EA3B6F24-186A-4EAB-A8E6-04B9C40A94BB}.Debug|Any CPU.ActiveCfg = Debug|Any CPU
		{EA3B6F24-186A-4EAB-A8E6-04B9C40A94BB}.Debug|Any CPU.Build.0 = Debug|Any CPU
		{EA3B6F24-186A-4EAB-A8E6-04B9C40A94BB}.Release|Any CPU.ActiveCfg = Release|Any CPU
		{EA3B6F24-186A-4EAB-A8E6-04B9C40A94BB}.Release|Any CPU.Build.0 = Release|Any CPU
	EndGlobalSection
	GlobalSection(SolutionProperties) = preSolution
		HideSolutionNode = FALSE
	EndGlobalSection
EndGlobal
