
Microsoft Visual Studio Solution File, Format Version 12.00
# Visual Studio 2012
Project("{FAE04EC0-301F-11D3-BF4B-00C04F79EFBC}") = "UIBaseDeDatos", "UIBaseDeDatos\UIBaseDeDatos.csproj", "{DCF2DFA9-E3D8-495C-81B7-90600037B090}"
EndProject
Global
	GlobalSection(SolutionConfigurationPlatforms) = preSolution
		Debug|Any CPU = Debug|Any CPU
		Release|Any CPU = Release|Any CPU
	EndGlobalSection
	GlobalSection(ProjectConfigurationPlatforms) = postSolution
		{DCF2DFA9-E3D8-495C-81B7-90600037B090}.Debug|Any CPU.ActiveCfg = Debug|Any CPU
		{DCF2DFA9-E3D8-495C-81B7-90600037B090}.Debug|Any CPU.Build.0 = Debug|Any CPU
		{DCF2DFA9-E3D8-495C-81B7-90600037B090}.Release|Any CPU.ActiveCfg = Release|Any CPU
		{DCF2DFA9-E3D8-495C-81B7-90600037B090}.Release|Any CPU.Build.0 = Release|Any CPU
	EndGlobalSection
	GlobalSection(SolutionProperties) = preSolution
		HideSolutionNode = FALSE
	EndGlobalSection
EndGlobal
