
Microsoft Visual Studio Solution File, Format Version 12.00
# Visual Studio 2012
Project("{FAE04EC0-301F-11D3-BF4B-00C04F79EFBC}") = "eje47", "eje47\eje47.csproj", "{F25AEC21-0B76-46B6-8F72-C40FC49CA469}"
EndProject
Global
	GlobalSection(SolutionConfigurationPlatforms) = preSolution
		Debug|Any CPU = Debug|Any CPU
		Release|Any CPU = Release|Any CPU
	EndGlobalSection
	GlobalSection(ProjectConfigurationPlatforms) = postSolution
		{F25AEC21-0B76-46B6-8F72-C40FC49CA469}.Debug|Any CPU.ActiveCfg = Debug|Any CPU
		{F25AEC21-0B76-46B6-8F72-C40FC49CA469}.Debug|Any CPU.Build.0 = Debug|Any CPU
		{F25AEC21-0B76-46B6-8F72-C40FC49CA469}.Release|Any CPU.ActiveCfg = Release|Any CPU
		{F25AEC21-0B76-46B6-8F72-C40FC49CA469}.Release|Any CPU.Build.0 = Release|Any CPU
	EndGlobalSection
	GlobalSection(SolutionProperties) = preSolution
		HideSolutionNode = FALSE
	EndGlobalSection
EndGlobal
